
Microsoft Visual Studio Solution File, Format Version 12.00
# Visual Studio Version 17
VisualStudioVersion = 17.0.31903.59
MinimumVisualStudioVersion = 10.0.40219.1
Project("{2150E333-8FDC-42A3-9474-1A3956D46DE8}") = "src", "src", "{827E0CD3-B72D-47B6-A68D-7590B98EB39B}"
EndProject
Project("{FAE04EC0-301F-11D3-BF4B-00C04F79EFBC}") = "NativeWebView.Core", "src\NativeWebView.Core\NativeWebView.Core.csproj", "{D16E8D38-D159-4190-9EA8-FF34DC009B1E}"
EndProject
Project("{FAE04EC0-301F-11D3-BF4B-00C04F79EFBC}") = "NativeWebView", "src\NativeWebView\NativeWebView.csproj", "{DD4A5BC1-2088-43DE-8A8A-ED6374FC9607}"
EndProject
Project("{FAE04EC0-301F-11D3-BF4B-00C04F79EFBC}") = "NativeWebView.Dialog", "src\NativeWebView.Dialog\NativeWebView.Dialog.csproj", "{9C6BEE26-D1CB-41F4-B7D7-088F86C41F24}"
EndProject
Project("{FAE04EC0-301F-11D3-BF4B-00C04F79EFBC}") = "NativeWebView.Auth", "src\NativeWebView.Auth\NativeWebView.Auth.csproj", "{A403207C-2FBC-4D5E-A24F-0DD3C8A7A88D}"
EndProject
Project("{FAE04EC0-301F-11D3-BF4B-00C04F79EFBC}") = "NativeWebView.Interop", "src\NativeWebView.Interop\NativeWebView.Interop.csproj", "{E8FF5284-A519-4D7E-9868-0778B6755AC3}"
EndProject
Project("{FAE04EC0-301F-11D3-BF4B-00C04F79EFBC}") = "NativeWebView.Platform.Windows", "src\NativeWebView.Platform.Windows\NativeWebView.Platform.Windows.csproj", "{652399E9-1E38-4E3C-9F09-CC015C36AC70}"
EndProject
Project("{FAE04EC0-301F-11D3-BF4B-00C04F79EFBC}") = "NativeWebView.Platform.macOS", "src\NativeWebView.Platform.macOS\NativeWebView.Platform.macOS.csproj", "{06D896B5-B2BA-486E-A675-C3B07E903AC1}"
EndProject
Project("{FAE04EC0-301F-11D3-BF4B-00C04F79EFBC}") = "NativeWebView.Platform.Linux", "src\NativeWebView.Platform.Linux\NativeWebView.Platform.Linux.csproj", "{F753B714-3198-46F8-B45A-DFF9BBB7154C}"
EndProject
Project("{FAE04EC0-301F-11D3-BF4B-00C04F79EFBC}") = "NativeWebView.Platform.iOS", "src\NativeWebView.Platform.iOS\NativeWebView.Platform.iOS.csproj", "{8E1468BA-61DB-4C21-B50F-06FB43C45CCE}"
EndProject
Project("{FAE04EC0-301F-11D3-BF4B-00C04F79EFBC}") = "NativeWebView.Platform.Android", "src\NativeWebView.Platform.Android\NativeWebView.Platform.Android.csproj", "{84A7CB13-8947-4005-BD49-F6AA53F30762}"
EndProject
Project("{FAE04EC0-301F-11D3-BF4B-00C04F79EFBC}") = "NativeWebView.Platform.Browser", "src\NativeWebView.Platform.Browser\NativeWebView.Platform.Browser.csproj", "{D5523C0D-4035-4FE2-AA7A-5C54D4EABD1A}"
EndProject
Project("{2150E333-8FDC-42A3-9474-1A3956D46DE8}") = "tests", "tests", "{0AB3BF05-4346-4AA6-1389-037BE0695223}"
EndProject
Project("{FAE04EC0-301F-11D3-BF4B-00C04F79EFBC}") = "NativeWebView.Core.Tests", "tests\NativeWebView.Core.Tests\NativeWebView.Core.Tests.csproj", "{F58F2BA9-BFEA-4210-B049-EC877BC84F6D}"
EndProject
Project("{2150E333-8FDC-42A3-9474-1A3956D46DE8}") = "samples", "samples", "{5D20AA90-6969-D8BD-9DCD-8634F4692FDA}"
EndProject
Project("{FAE04EC0-301F-11D3-BF4B-00C04F79EFBC}") = "NativeWebView.Sample.Desktop", "samples\NativeWebView.Sample.Desktop\NativeWebView.Sample.Desktop.csproj", "{F68D0655-E832-455D-B5C2-1A206B1FF133}"
EndProject
Project("{FAE04EC0-301F-11D3-BF4B-00C04F79EFBC}") = "NativeWebView.Sample.MobileBrowser", "samples\NativeWebView.Sample.MobileBrowser\NativeWebView.Sample.MobileBrowser.csproj", "{84F2A703-D7FB-46EA-B988-DED24563CF5F}"
EndProject
Project("{FAE04EC0-301F-11D3-BF4B-00C04F79EFBC}") = "NativeWebView.Sample.Diagnostics", "samples\NativeWebView.Sample.Diagnostics\NativeWebView.Sample.Diagnostics.csproj", "{4B77EF8C-DBC2-45EA-8691-A0952D2501A2}"
EndProject
Global
	GlobalSection(SolutionConfigurationPlatforms) = preSolution
		Debug|Any CPU = Debug|Any CPU
		Debug|x64 = Debug|x64
		Debug|x86 = Debug|x86
		Release|Any CPU = Release|Any CPU
		Release|x64 = Release|x64
		Release|x86 = Release|x86
	EndGlobalSection
	GlobalSection(ProjectConfigurationPlatforms) = postSolution
		{D16E8D38-D159-4190-9EA8-FF34DC009B1E}.Debug|Any CPU.ActiveCfg = Debug|Any CPU
		{D16E8D38-D159-4190-9EA8-FF34DC009B1E}.Debug|Any CPU.Build.0 = Debug|Any CPU
		{D16E8D38-D159-4190-9EA8-FF34DC009B1E}.Debug|x64.ActiveCfg = Debug|Any CPU
		{D16E8D38-D159-4190-9EA8-FF34DC009B1E}.Debug|x64.Build.0 = Debug|Any CPU
		{D16E8D38-D159-4190-9EA8-FF34DC009B1E}.Debug|x86.ActiveCfg = Debug|Any CPU
		{D16E8D38-D159-4190-9EA8-FF34DC009B1E}.Debug|x86.Build.0 = Debug|Any CPU
		{D16E8D38-D159-4190-9EA8-FF34DC009B1E}.Release|Any CPU.ActiveCfg = Release|Any CPU
		{D16E8D38-D159-4190-9EA8-FF34DC009B1E}.Release|Any CPU.Build.0 = Release|Any CPU
		{D16E8D38-D159-4190-9EA8-FF34DC009B1E}.Release|x64.ActiveCfg = Release|Any CPU
		{D16E8D38-D159-4190-9EA8-FF34DC009B1E}.Release|x64.Build.0 = Release|Any CPU
		{D16E8D38-D159-4190-9EA8-FF34DC009B1E}.Release|x86.ActiveCfg = Release|Any CPU
		{D16E8D38-D159-4190-9EA8-FF34DC009B1E}.Release|x86.Build.0 = Release|Any CPU
		{DD4A5BC1-2088-43DE-8A8A-ED6374FC9607}.Debug|Any CPU.ActiveCfg = Debug|Any CPU
		{DD4A5BC1-2088-43DE-8A8A-ED6374FC9607}.Debug|Any CPU.Build.0 = Debug|Any CPU
		{DD4A5BC1-2088-43DE-8A8A-ED6374FC9607}.Debug|x64.ActiveCfg = Debug|Any CPU
		{DD4A5BC1-2088-43DE-8A8A-ED6374FC9607}.Debug|x64.Build.0 = Debug|Any CPU
		{DD4A5BC1-2088-43DE-8A8A-ED6374FC9607}.Debug|x86.ActiveCfg = Debug|Any CPU
		{DD4A5BC1-2088-43DE-8A8A-ED6374FC9607}.Debug|x86.Build.0 = Debug|Any CPU
		{DD4A5BC1-2088-43DE-8A8A-ED6374FC9607}.Release|Any CPU.ActiveCfg = Release|Any CPU
		{DD4A5BC1-2088-43DE-8A8A-ED6374FC9607}.Release|Any CPU.Build.0 = Release|Any CPU
		{DD4A5BC1-2088-43DE-8A8A-ED6374FC9607}.Release|x64.ActiveCfg = Release|Any CPU
		{DD4A5BC1-2088-43DE-8A8A-ED6374FC9607}.Release|x64.Build.0 = Release|Any CPU
		{DD4A5BC1-2088-43DE-8A8A-ED6374FC9607}.Release|x86.ActiveCfg = Release|Any CPU
		{DD4A5BC1-2088-43DE-8A8A-ED6374FC9607}.Release|x86.Build.0 = Release|Any CPU
		{9C6BEE26-D1CB-41F4-B7D7-088F86C41F24}.Debug|Any CPU.ActiveCfg = Debug|Any CPU
		{9C6BEE26-D1CB-41F4-B7D7-088F86C41F24}.Debug|Any CPU.Build.0 = Debug|Any CPU
		{9C6BEE26-D1CB-41F4-B7D7-088F86C41F24}.Debug|x64.ActiveCfg = Debug|Any CPU
		{9C6BEE26-D1CB-41F4-B7D7-088F86C41F24}.Debug|x64.Build.0 = Debug|Any CPU
		{9C6BEE26-D1CB-41F4-B7D7-088F86C41F24}.Debug|x86.ActiveCfg = Debug|Any CPU
		{9C6BEE26-D1CB-41F4-B7D7-088F86C41F24}.Debug|x86.Build.0 = Debug|Any CPU
		{9C6BEE26-D1CB-41F4-B7D7-088F86C41F24}.Release|Any CPU.ActiveCfg = Release|Any CPU
		{9C6BEE26-D1CB-41F4-B7D7-088F86C41F24}.Release|Any CPU.Build.0 = Release|Any CPU
		{9C6BEE26-D1CB-41F4-B7D7-088F86C41F24}.Release|x64.ActiveCfg = Release|Any CPU
		{9C6BEE26-D1CB-41F4-B7D7-088F86C41F24}.Release|x64.Build.0 = Release|Any CPU
		{9C6BEE26-D1CB-41F4-B7D7-088F86C41F24}.Release|x86.ActiveCfg = Release|Any CPU
		{9C6BEE26-D1CB-41F4-B7D7-088F86C41F24}.Release|x86.Build.0 = Release|Any CPU
		{A403207C-2FBC-4D5E-A24F-0DD3C8A7A88D}.Debug|Any CPU.ActiveCfg = Debug|Any CPU
		{A403207C-2FBC-4D5E-A24F-0DD3C8A7A88D}.Debug|Any CPU.Build.0 = Debug|Any CPU
		{A403207C-2FBC-4D5E-A24F-0DD3C8A7A88D}.Debug|x64.ActiveCfg = Debug|Any CPU
		{A403207C-2FBC-4D5E-A24F-0DD3C8A7A88D}.Debug|x64.Build.0 = Debug|Any CPU
		{A403207C-2FBC-4D5E-A24F-0DD3C8A7A88D}.Debug|x86.ActiveCfg = Debug|Any CPU
		{A403207C-2FBC-4D5E-A24F-0DD3C8A7A88D}.Debug|x86.Build.0 = Debug|Any CPU
		{A403207C-2FBC-4D5E-A24F-0DD3C8A7A88D}.Release|Any CPU.ActiveCfg = Release|Any CPU
		{A403207C-2FBC-4D5E-A24F-0DD3C8A7A88D}.Release|Any CPU.Build.0 = Release|Any CPU
		{A403207C-2FBC-4D5E-A24F-0DD3C8A7A88D}.Release|x64.ActiveCfg = Release|Any CPU
		{A403207C-2FBC-4D5E-A24F-0DD3C8A7A88D}.Release|x64.Build.0 = Release|Any CPU
		{A403207C-2FBC-4D5E-A24F-0DD3C8A7A88D}.Release|x86.ActiveCfg = Release|Any CPU
		{A403207C-2FBC-4D5E-A24F-0DD3C8A7A88D}.Release|x86.Build.0 = Release|Any CPU
		{E8FF5284-A519-4D7E-9868-0778B6755AC3}.Debug|Any CPU.ActiveCfg = Debug|Any CPU
		{E8FF5284-A519-4D7E-9868-0778B6755AC3}.Debug|Any CPU.Build.0 = Debug|Any CPU
		{E8FF5284-A519-4D7E-9868-0778B6755AC3}.Debug|x64.ActiveCfg = Debug|Any CPU
		{E8FF5284-A519-4D7E-9868-0778B6755AC3}.Debug|x64.Build.0 = Debug|Any CPU
		{E8FF5284-A519-4D7E-9868-0778B6755AC3}.Debug|x86.ActiveCfg = Debug|Any CPU
		{E8FF5284-A519-4D7E-9868-0778B6755AC3}.Debug|x86.Build.0 = Debug|Any CPU
		{E8FF5284-A519-4D7E-9868-0778B6755AC3}.Release|Any CPU.ActiveCfg = Release|Any CPU
		{E8FF5284-A519-4D7E-9868-0778B6755AC3}.Release|Any CPU.Build.0 = Release|Any CPU
		{E8FF5284-A519-4D7E-9868-0778B6755AC3}.Release|x64.ActiveCfg = Release|Any CPU
		{E8FF5284-A519-4D7E-9868-0778B6755AC3}.Release|x64.Build.0 = Release|Any CPU
		{E8FF5284-A519-4D7E-9868-0778B6755AC3}.Release|x86.ActiveCfg = Release|Any CPU
		{E8FF5284-A519-4D7E-9868-0778B6755AC3}.Release|x86.Build.0 = Release|Any CPU
		{652399E9-1E38-4E3C-9F09-CC015C36AC70}.Debug|Any CPU.ActiveCfg = Debug|Any CPU
		{652399E9-1E38-4E3C-9F09-CC015C36AC70}.Debug|Any CPU.Build.0 = Debug|Any CPU
		{652399E9-1E38-4E3C-9F09-CC015C36AC70}.Debug|x64.ActiveCfg = Debug|Any CPU
		{652399E9-1E38-4E3C-9F09-CC015C36AC70}.Debug|x64.Build.0 = Debug|Any CPU
		{652399E9-1E38-4E3C-9F09-CC015C36AC70}.Debug|x86.ActiveCfg = Debug|Any CPU
		{652399E9-1E38-4E3C-9F09-CC015C36AC70}.Debug|x86.Build.0 = Debug|Any CPU
		{652399E9-1E38-4E3C-9F09-CC015C36AC70}.Release|Any CPU.ActiveCfg = Release|Any CPU
		{652399E9-1E38-4E3C-9F09-CC015C36AC70}.Release|Any CPU.Build.0 = Release|Any CPU
		{652399E9-1E38-4E3C-9F09-CC015C36AC70}.Release|x64.ActiveCfg = Release|Any CPU
		{652399E9-1E38-4E3C-9F09-CC015C36AC70}.Release|x64.Build.0 = Release|Any CPU
		{652399E9-1E38-4E3C-9F09-CC015C36AC70}.Release|x86.ActiveCfg = Release|Any CPU
		{652399E9-1E38-4E3C-9F09-CC015C36AC70}.Release|x86.Build.0 = Release|Any CPU
		{06D896B5-B2BA-486E-A675-C3B07E903AC1}.Debug|Any CPU.ActiveCfg = Debug|Any CPU
		{06D896B5-B2BA-486E-A675-C3B07E903AC1}.Debug|Any CPU.Build.0 = Debug|Any CPU
		{06D896B5-B2BA-486E-A675-C3B07E903AC1}.Debug|x64.ActiveCfg = Debug|Any CPU
		{06D896B5-B2BA-486E-A675-C3B07E903AC1}.Debug|x64.Build.0 = Debug|Any CPU
		{06D896B5-B2BA-486E-A675-C3B07E903AC1}.Debug|x86.ActiveCfg = Debug|Any CPU
		{06D896B5-B2BA-486E-A675-C3B07E903AC1}.Debug|x86.Build.0 = Debug|Any CPU
		{06D896B5-B2BA-486E-A675-C3B07E903AC1}.Release|Any CPU.ActiveCfg = Release|Any CPU
		{06D896B5-B2BA-486E-A675-C3B07E903AC1}.Release|Any CPU.Build.0 = Release|Any CPU
		{06D896B5-B2BA-486E-A675-C3B07E903AC1}.Release|x64.ActiveCfg = Release|Any CPU
		{06D896B5-B2BA-486E-A675-C3B07E903AC1}.Release|x64.Build.0 = Release|Any CPU
		{06D896B5-B2BA-486E-A675-C3B07E903AC1}.Release|x86.ActiveCfg = Release|Any CPU
		{06D896B5-B2BA-486E-A675-C3B07E903AC1}.Release|x86.Build.0 = Release|Any CPU
		{F753B714-3198-46F8-B45A-DFF9BBB7154C}.Debug|Any CPU.ActiveCfg = Debug|Any CPU
		{F753B714-3198-46F8-B45A-DFF9BBB7154C}.Debug|Any CPU.Build.0 = Debug|Any CPU
		{F753B714-3198-46F8-B45A-DFF9BBB7154C}.Debug|x64.ActiveCfg = Debug|Any CPU
		{F753B714-3198-46F8-B45A-DFF9BBB7154C}.Debug|x64.Build.0 = Debug|Any CPU
		{F753B714-3198-46F8-B45A-DFF9BBB7154C}.Debug|x86.ActiveCfg = Debug|Any CPU
		{F753B714-3198-46F8-B45A-DFF9BBB7154C}.Debug|x86.Build.0 = Debug|Any CPU
		{F753B714-3198-46F8-B45A-DFF9BBB7154C}.Release|Any CPU.ActiveCfg = Release|Any CPU
		{F753B714-3198-46F8-B45A-DFF9BBB7154C}.Release|Any CPU.Build.0 = Release|Any CPU
		{F753B714-3198-46F8-B45A-DFF9BBB7154C}.Release|x64.ActiveCfg = Release|Any CPU
		{F753B714-3198-46F8-B45A-DFF9BBB7154C}.Release|x64.Build.0 = Release|Any CPU
		{F753B714-3198-46F8-B45A-DFF9BBB7154C}.Release|x86.ActiveCfg = Release|Any CPU
		{F753B714-3198-46F8-B45A-DFF9BBB7154C}.Release|x86.Build.0 = Release|Any CPU
		{8E1468BA-61DB-4C21-B50F-06FB43C45CCE}.Debug|Any CPU.ActiveCfg = Debug|Any CPU
		{8E1468BA-61DB-4C21-B50F-06FB43C45CCE}.Debug|Any CPU.Build.0 = Debug|Any CPU
		{8E1468BA-61DB-4C21-B50F-06FB43C45CCE}.Debug|x64.ActiveCfg = Debug|Any CPU
		{8E1468BA-61DB-4C21-B50F-06FB43C45CCE}.Debug|x64.Build.0 = Debug|Any CPU
		{8E1468BA-61DB-4C21-B50F-06FB43C45CCE}.Debug|x86.ActiveCfg = Debug|Any CPU
		{8E1468BA-61DB-4C21-B50F-06FB43C45CCE}.Debug|x86.Build.0 = Debug|Any CPU
		{8E1468BA-61DB-4C21-B50F-06FB43C45CCE}.Release|Any CPU.ActiveCfg = Release|Any CPU
		{8E1468BA-61DB-4C21-B50F-06FB43C45CCE}.Release|Any CPU.Build.0 = Release|Any CPU
		{8E1468BA-61DB-4C21-B50F-06FB43C45CCE}.Release|x64.ActiveCfg = Release|Any CPU
		{8E1468BA-61DB-4C21-B50F-06FB43C45CCE}.Release|x64.Build.0 = Release|Any CPU
		{8E1468BA-61DB-4C21-B50F-06FB43C45CCE}.Release|x86.ActiveCfg = Release|Any CPU
		{8E1468BA-61DB-4C21-B50F-06FB43C45CCE}.Release|x86.Build.0 = Release|Any CPU
		{84A7CB13-8947-4005-BD49-F6AA53F30762}.Debug|Any CPU.ActiveCfg = Debug|Any CPU
		{84A7CB13-8947-4005-BD49-F6AA53F30762}.Debug|Any CPU.Build.0 = Debug|Any CPU
		{84A7CB13-8947-4005-BD49-F6AA53F30762}.Debug|x64.ActiveCfg = Debug|Any CPU
		{84A7CB13-8947-4005-BD49-F6AA53F30762}.Debug|x64.Build.0 = Debug|Any CPU
		{84A7CB13-8947-4005-BD49-F6AA53F30762}.Debug|x86.ActiveCfg = Debug|Any CPU
		{84A7CB13-8947-4005-BD49-F6AA53F30762}.Debug|x86.Build.0 = Debug|Any CPU
		{84A7CB13-8947-4005-BD49-F6AA53F30762}.Release|Any CPU.ActiveCfg = Release|Any CPU
		{84A7CB13-8947-4005-BD49-F6AA53F30762}.Release|Any CPU.Build.0 = Release|Any CPU
		{84A7CB13-8947-4005-BD49-F6AA53F30762}.Release|x64.ActiveCfg = Release|Any CPU
		{84A7CB13-8947-4005-BD49-F6AA53F30762}.Release|x64.Build.0 = Release|Any CPU
		{84A7CB13-8947-4005-BD49-F6AA53F30762}.Release|x86.ActiveCfg = Release|Any CPU
		{84A7CB13-8947-4005-BD49-F6AA53F30762}.Release|x86.Build.0 = Release|Any CPU
		{D5523C0D-4035-4FE2-AA7A-5C54D4EABD1A}.Debug|Any CPU.ActiveCfg = Debug|Any CPU
		{D5523C0D-4035-4FE2-AA7A-5C54D4EABD1A}.Debug|Any CPU.Build.0 = Debug|Any CPU
		{D5523C0D-4035-4FE2-AA7A-5C54D4EABD1A}.Debug|x64.ActiveCfg = Debug|Any CPU
		{D5523C0D-4035-4FE2-AA7A-5C54D4EABD1A}.Debug|x64.Build.0 = Debug|Any CPU
		{D5523C0D-4035-4FE2-AA7A-5C54D4EABD1A}.Debug|x86.ActiveCfg = Debug|Any CPU
		{D5523C0D-4035-4FE2-AA7A-5C54D4EABD1A}.Debug|x86.Build.0 = Debug|Any CPU
		{D5523C0D-4035-4FE2-AA7A-5C54D4EABD1A}.Release|Any CPU.ActiveCfg = Release|Any CPU
		{D5523C0D-4035-4FE2-AA7A-5C54D4EABD1A}.Release|Any CPU.Build.0 = Release|Any CPU
		{D5523C0D-4035-4FE2-AA7A-5C54D4EABD1A}.Release|x64.ActiveCfg = Release|Any CPU
		{D5523C0D-4035-4FE2-AA7A-5C54D4EABD1A}.Release|x64.Build.0 = Release|Any CPU
		{D5523C0D-4035-4FE2-AA7A-5C54D4EABD1A}.Release|x86.ActiveCfg = Release|Any CPU
		{D5523C0D-4035-4FE2-AA7A-5C54D4EABD1A}.Release|x86.Build.0 = Release|Any CPU
		{F58F2BA9-BFEA-4210-B049-EC877BC84F6D}.Debug|Any CPU.ActiveCfg = Debug|Any CPU
		{F58F2BA9-BFEA-4210-B049-EC877BC84F6D}.Debug|Any CPU.Build.0 = Debug|Any CPU
		{F58F2BA9-BFEA-4210-B049-EC877BC84F6D}.Debug|x64.ActiveCfg = Debug|Any CPU
		{F58F2BA9-BFEA-4210-B049-EC877BC84F6D}.Debug|x64.Build.0 = Debug|Any CPU
		{F58F2BA9-BFEA-4210-B049-EC877BC84F6D}.Debug|x86.ActiveCfg = Debug|Any CPU
		{F58F2BA9-BFEA-4210-B049-EC877BC84F6D}.Debug|x86.Build.0 = Debug|Any CPU
		{F58F2BA9-BFEA-4210-B049-EC877BC84F6D}.Release|Any CPU.ActiveCfg = Release|Any CPU
		{F58F2BA9-BFEA-4210-B049-EC877BC84F6D}.Release|Any CPU.Build.0 = Release|Any CPU
		{F58F2BA9-BFEA-4210-B049-EC877BC84F6D}.Release|x64.ActiveCfg = Release|Any CPU
		{F58F2BA9-BFEA-4210-B049-EC877BC84F6D}.Release|x64.Build.0 = Release|Any CPU
		{F58F2BA9-BFEA-4210-B049-EC877BC84F6D}.Release|x86.ActiveCfg = Release|Any CPU
		{F58F2BA9-BFEA-4210-B049-EC877BC84F6D}.Release|x86.Build.0 = Release|Any CPU
		{F68D0655-E832-455D-B5C2-1A206B1FF133}.Debug|Any CPU.ActiveCfg = Debug|Any CPU
		{F68D0655-E832-455D-B5C2-1A206B1FF133}.Debug|Any CPU.Build.0 = Debug|Any CPU
		{F68D0655-E832-455D-B5C2-1A206B1FF133}.Debug|x64.ActiveCfg = Debug|Any CPU
		{F68D0655-E832-455D-B5C2-1A206B1FF133}.Debug|x64.Build.0 = Debug|Any CPU
		{F68D0655-E832-455D-B5C2-1A206B1FF133}.Debug|x86.ActiveCfg = Debug|Any CPU
		{F68D0655-E832-455D-B5C2-1A206B1FF133}.Debug|x86.Build.0 = Debug|Any CPU
		{F68D0655-E832-455D-B5C2-1A206B1FF133}.Release|Any CPU.ActiveCfg = Release|Any CPU
		{F68D0655-E832-455D-B5C2-1A206B1FF133}.Release|Any CPU.Build.0 = Release|Any CPU
		{F68D0655-E832-455D-B5C2-1A206B1FF133}.Release|x64.ActiveCfg = Release|Any CPU
		{F68D0655-E832-455D-B5C2-1A206B1FF133}.Release|x64.Build.0 = Release|Any CPU
		{F68D0655-E832-455D-B5C2-1A206B1FF133}.Release|x86.ActiveCfg = Release|Any CPU
		{F68D0655-E832-455D-B5C2-1A206B1FF133}.Release|x86.Build.0 = Release|Any CPU
		{84F2A703-D7FB-46EA-B988-DED24563CF5F}.Debug|Any CPU.ActiveCfg = Debug|Any CPU
		{84F2A703-D7FB-46EA-B988-DED24563CF5F}.Debug|Any CPU.Build.0 = Debug|Any CPU
		{84F2A703-D7FB-46EA-B988-DED24563CF5F}.Debug|x64.ActiveCfg = Debug|Any CPU
		{84F2A703-D7FB-46EA-B988-DED24563CF5F}.Debug|x64.Build.0 = Debug|Any CPU
		{84F2A703-D7FB-46EA-B988-DED24563CF5F}.Debug|x86.ActiveCfg = Debug|Any CPU
		{84F2A703-D7FB-46EA-B988-DED24563CF5F}.Debug|x86.Build.0 = Debug|Any CPU
		{84F2A703-D7FB-46EA-B988-DED24563CF5F}.Release|Any CPU.ActiveCfg = Release|Any CPU
		{84F2A703-D7FB-46EA-B988-DED24563CF5F}.Release|Any CPU.Build.0 = Release|Any CPU
		{84F2A703-D7FB-46EA-B988-DED24563CF5F}.Release|x64.ActiveCfg = Release|Any CPU
		{84F2A703-D7FB-46EA-B988-DED24563CF5F}.Release|x64.Build.0 = Release|Any CPU
		{84F2A703-D7FB-46EA-B988-DED24563CF5F}.Release|x86.ActiveCfg = Release|Any CPU
		{84F2A703-D7FB-46EA-B988-DED24563CF5F}.Release|x86.Build.0 = Release|Any CPU
		{4B77EF8C-DBC2-45EA-8691-A0952D2501A2}.Debug|Any CPU.ActiveCfg = Debug|Any CPU
		{4B77EF8C-DBC2-45EA-8691-A0952D2501A2}.Debug|Any CPU.Build.0 = Debug|Any CPU
		{4B77EF8C-DBC2-45EA-8691-A0952D2501A2}.Debug|x64.ActiveCfg = Debug|Any CPU
		{4B77EF8C-DBC2-45EA-8691-A0952D2501A2}.Debug|x64.Build.0 = Debug|Any CPU
		{4B77EF8C-DBC2-45EA-8691-A0952D2501A2}.Debug|x86.ActiveCfg = Debug|Any CPU
		{4B77EF8C-DBC2-45EA-8691-A0952D2501A2}.Debug|x86.Build.0 = Debug|Any CPU
		{4B77EF8C-DBC2-45EA-8691-A0952D2501A2}.Release|Any CPU.ActiveCfg = Release|Any CPU
		{4B77EF8C-DBC2-45EA-8691-A0952D2501A2}.Release|Any CPU.Build.0 = Release|Any CPU
		{4B77EF8C-DBC2-45EA-8691-A0952D2501A2}.Release|x64.ActiveCfg = Release|Any CPU
		{4B77EF8C-DBC2-45EA-8691-A0952D2501A2}.Release|x64.Build.0 = Release|Any CPU
		{4B77EF8C-DBC2-45EA-8691-A0952D2501A2}.Release|x86.ActiveCfg = Release|Any CPU
		{4B77EF8C-DBC2-45EA-8691-A0952D2501A2}.Release|x86.Build.0 = Release|Any CPU
	EndGlobalSection
	GlobalSection(SolutionProperties) = preSolution
		HideSolutionNode = FALSE
	EndGlobalSection
	GlobalSection(NestedProjects) = preSolution
		{D16E8D38-D159-4190-9EA8-FF34DC009B1E} = {827E0CD3-B72D-47B6-A68D-7590B98EB39B}
		{DD4A5BC1-2088-43DE-8A8A-ED6374FC9607} = {827E0CD3-B72D-47B6-A68D-7590B98EB39B}
		{9C6BEE26-D1CB-41F4-B7D7-088F86C41F24} = {827E0CD3-B72D-47B6-A68D-7590B98EB39B}
		{A403207C-2FBC-4D5E-A24F-0DD3C8A7A88D} = {827E0CD3-B72D-47B6-A68D-7590B98EB39B}
		{E8FF5284-A519-4D7E-9868-0778B6755AC3} = {827E0CD3-B72D-47B6-A68D-7590B98EB39B}
		{652399E9-1E38-4E3C-9F09-CC015C36AC70} = {827E0CD3-B72D-47B6-A68D-7590B98EB39B}
		{06D896B5-B2BA-486E-A675-C3B07E903AC1} = {827E0CD3-B72D-47B6-A68D-7590B98EB39B}
		{F753B714-3198-46F8-B45A-DFF9BBB7154C} = {827E0CD3-B72D-47B6-A68D-7590B98EB39B}
		{8E1468BA-61DB-4C21-B50F-06FB43C45CCE} = {827E0CD3-B72D-47B6-A68D-7590B98EB39B}
		{84A7CB13-8947-4005-BD49-F6AA53F30762} = {827E0CD3-B72D-47B6-A68D-7590B98EB39B}
		{D5523C0D-4035-4FE2-AA7A-5C54D4EABD1A} = {827E0CD3-B72D-47B6-A68D-7590B98EB39B}
		{F58F2BA9-BFEA-4210-B049-EC877BC84F6D} = {0AB3BF05-4346-4AA6-1389-037BE0695223}
		{F68D0655-E832-455D-B5C2-1A206B1FF133} = {5D20AA90-6969-D8BD-9DCD-8634F4692FDA}
		{84F2A703-D7FB-46EA-B988-DED24563CF5F} = {5D20AA90-6969-D8BD-9DCD-8634F4692FDA}
		{4B77EF8C-DBC2-45EA-8691-A0952D2501A2} = {5D20AA90-6969-D8BD-9DCD-8634F4692FDA}
	EndGlobalSection
EndGlobal
